
Microsoft Visual Studio Solution File, Format Version 12.00
# Visual Studio Version 17
VisualStudioVersion = 17.13.35828.75 d17.13
MinimumVisualStudioVersion = 10.0.40219.1
Project("{FAE04EC0-301F-11D3-BF4B-00C04F79EFBC}") = "rps-p", "rps-p\rps-p.csproj", "{221BCF66-FB3E-4BF4-809C-D7EBB017AE48}"
EndProject
Global
	GlobalSection(SolutionConfigurationPlatforms) = preSolution
		Debug|Any CPU = Debug|Any CPU
		Release|Any CPU = Release|Any CPU
	EndGlobalSection
	GlobalSection(ProjectConfigurationPlatforms) = postSolution
		{221BCF66-FB3E-4BF4-809C-D7EBB017AE48}.Debug|Any CPU.ActiveCfg = Debug|Any CPU
		{221BCF66-FB3E-4BF4-809C-D7EBB017AE48}.Debug|Any CPU.Build.0 = Debug|Any CPU
		{221BCF66-FB3E-4BF4-809C-D7EBB017AE48}.Release|Any CPU.ActiveCfg = Release|Any CPU
		{221BCF66-FB3E-4BF4-809C-D7EBB017AE48}.Release|Any CPU.Build.0 = Release|Any CPU
	EndGlobalSection
	GlobalSection(SolutionProperties) = preSolution
		HideSolutionNode = FALSE
	EndGlobalSection
	GlobalSection(ExtensibilityGlobals) = postSolution
		SolutionGuid = {263BA506-86F2-489F-90EF-7280AB31B98B}
	EndGlobalSection
EndGlobal
