
Microsoft Visual Studio Solution File, Format Version 12.00
# Visual Studio Version 17
VisualStudioVersion = 17.13.35828.75 d17.13
MinimumVisualStudioVersion = 10.0.40219.1
Project("{FAE04EC0-301F-11D3-BF4B-00C04F79EFBC}") = "RO-P", "RO-P\RO-P.csproj", "{57F5E0AE-D813-40C6-9C7B-9D49C351FB7A}"
EndProject
Global
	GlobalSection(SolutionConfigurationPlatforms) = preSolution
		Debug|Any CPU = Debug|Any CPU
		Release|Any CPU = Release|Any CPU
	EndGlobalSection
	GlobalSection(ProjectConfigurationPlatforms) = postSolution
		{57F5E0AE-D813-40C6-9C7B-9D49C351FB7A}.Debug|Any CPU.ActiveCfg = Debug|Any CPU
		{57F5E0AE-D813-40C6-9C7B-9D49C351FB7A}.Debug|Any CPU.Build.0 = Debug|Any CPU
		{57F5E0AE-D813-40C6-9C7B-9D49C351FB7A}.Release|Any CPU.ActiveCfg = Release|Any CPU
		{57F5E0AE-D813-40C6-9C7B-9D49C351FB7A}.Release|Any CPU.Build.0 = Release|Any CPU
	EndGlobalSection
	GlobalSection(SolutionProperties) = preSolution
		HideSolutionNode = FALSE
	EndGlobalSection
	GlobalSection(ExtensibilityGlobals) = postSolution
		SolutionGuid = {16AE16AF-D204-4302-9F36-C63FA0B9574C}
	EndGlobalSection
EndGlobal
